
Microsoft Visual Studio Solution File, Format Version 12.00
# Visual Studio Version 17
VisualStudioVersion = 17.5.002.0
MinimumVisualStudioVersion = 10.0.40219.1
Project("{9A19103F-16F7-4668-BE54-9A1E7A4F7556}") = "EyeTrackVR-Neos", "EyeTrackVR-Neos.csproj", "{40778F4C-5488-401A-88C5-C8A59C555579}"
EndProject
Project("{9A19103F-16F7-4668-BE54-9A1E7A4F7556}") = "EyeTrackVR-Neos (1)", "EyeTrackVR-Neos\EyeTrackVR-Neos.csproj", "{42EB4C3C-DDBC-470F-B35D-FEFFD3620243}"
EndProject
Global
	GlobalSection(SolutionConfigurationPlatforms) = preSolution
		Debug|Any CPU = Debug|Any CPU
		Release|Any CPU = Release|Any CPU
	EndGlobalSection
	GlobalSection(ProjectConfigurationPlatforms) = postSolution
		{40778F4C-5488-401A-88C5-C8A59C555579}.Debug|Any CPU.ActiveCfg = Debug|Any CPU
		{40778F4C-5488-401A-88C5-C8A59C555579}.Debug|Any CPU.Build.0 = Debug|Any CPU
		{40778F4C-5488-401A-88C5-C8A59C555579}.Release|Any CPU.ActiveCfg = Release|Any CPU
		{40778F4C-5488-401A-88C5-C8A59C555579}.Release|Any CPU.Build.0 = Release|Any CPU
		{42EB4C3C-DDBC-470F-B35D-FEFFD3620243}.Debug|Any CPU.ActiveCfg = Debug|Any CPU
		{42EB4C3C-DDBC-470F-B35D-FEFFD3620243}.Debug|Any CPU.Build.0 = Debug|Any CPU
		{42EB4C3C-DDBC-470F-B35D-FEFFD3620243}.Release|Any CPU.ActiveCfg = Release|Any CPU
		{42EB4C3C-DDBC-470F-B35D-FEFFD3620243}.Release|Any CPU.Build.0 = Release|Any CPU
	EndGlobalSection
	GlobalSection(SolutionProperties) = preSolution
		HideSolutionNode = FALSE
	EndGlobalSection
	GlobalSection(ExtensibilityGlobals) = postSolution
		SolutionGuid = {30FA9AD0-C11D-4CF6-A9F0-FB8B74887E69}
	EndGlobalSection
EndGlobal
